
Microsoft Visual Studio Solution File, Format Version 12.00
# Visual Studio Version 16
VisualStudioVersion = 16.0.30225.117
MinimumVisualStudioVersion = 10.0.40219.1
Project("{FAE04EC0-301F-11D3-BF4B-00C04F79EFBC}") = "BinarySearch", "BinarySearch\BinarySearch.csproj", "{AB719FD2-2139-4C05-ABCD-45C24AEEA668}"
EndProject
Project("{FAE04EC0-301F-11D3-BF4B-00C04F79EFBC}") = "XUnitTestProject1", "XUnitTestProject1\XUnitTestProject1.csproj", "{D46DCE74-74C4-4269-BE66-1C6824B9D98D}"
EndProject
Global
	GlobalSection(SolutionConfigurationPlatforms) = preSolution
		Debug|Any CPU = Debug|Any CPU
		Release|Any CPU = Release|Any CPU
	EndGlobalSection
	GlobalSection(ProjectConfigurationPlatforms) = postSolution
		{AB719FD2-2139-4C05-ABCD-45C24AEEA668}.Debug|Any CPU.ActiveCfg = Debug|Any CPU
		{AB719FD2-2139-4C05-ABCD-45C24AEEA668}.Debug|Any CPU.Build.0 = Debug|Any CPU
		{AB719FD2-2139-4C05-ABCD-45C24AEEA668}.Release|Any CPU.ActiveCfg = Release|Any CPU
		{AB719FD2-2139-4C05-ABCD-45C24AEEA668}.Release|Any CPU.Build.0 = Release|Any CPU
		{D46DCE74-74C4-4269-BE66-1C6824B9D98D}.Debug|Any CPU.ActiveCfg = Debug|Any CPU
		{D46DCE74-74C4-4269-BE66-1C6824B9D98D}.Debug|Any CPU.Build.0 = Debug|Any CPU
		{D46DCE74-74C4-4269-BE66-1C6824B9D98D}.Release|Any CPU.ActiveCfg = Release|Any CPU
		{D46DCE74-74C4-4269-BE66-1C6824B9D98D}.Release|Any CPU.Build.0 = Release|Any CPU
	EndGlobalSection
	GlobalSection(SolutionProperties) = preSolution
		HideSolutionNode = FALSE
	EndGlobalSection
	GlobalSection(ExtensibilityGlobals) = postSolution
		SolutionGuid = {81CA162A-0A58-40AF-A5A1-871ECF8A8B1A}
	EndGlobalSection
EndGlobal
